
Microsoft Visual Studio Solution File, Format Version 12.00
# Visual Studio Version 17
VisualStudioVersion = 17.14.36915.13 d17.14
MinimumVisualStudioVersion = 10.0.40219.1
Project("{FAE04EC0-301F-11D3-BF4B-00C04F79EFBC}") = "WorkingOutHobby", "WorkingOutHobby\WorkingOutHobby.csproj", "{10129B56-9A0B-4D04-9C50-3736BD4445DE}"
EndProject
Global
	GlobalSection(SolutionConfigurationPlatforms) = preSolution
		Debug|Any CPU = Debug|Any CPU
		Release|Any CPU = Release|Any CPU
	EndGlobalSection
	GlobalSection(ProjectConfigurationPlatforms) = postSolution
		{10129B56-9A0B-4D04-9C50-3736BD4445DE}.Debug|Any CPU.ActiveCfg = Debug|Any CPU
		{10129B56-9A0B-4D04-9C50-3736BD4445DE}.Debug|Any CPU.Build.0 = Debug|Any CPU
		{10129B56-9A0B-4D04-9C50-3736BD4445DE}.Release|Any CPU.ActiveCfg = Release|Any CPU
		{10129B56-9A0B-4D04-9C50-3736BD4445DE}.Release|Any CPU.Build.0 = Release|Any CPU
	EndGlobalSection
	GlobalSection(SolutionProperties) = preSolution
		HideSolutionNode = FALSE
	EndGlobalSection
	GlobalSection(ExtensibilityGlobals) = postSolution
		SolutionGuid = {8A4E15A2-EDD8-4D36-AA96-E5A96A8DA00C}
	EndGlobalSection
EndGlobal
